# THIS IS AN AUTOGENERATED FILE. DO NOT EDIT THIS FILE DIRECTLY.
# yarn lockfile v1


"@prettier/plugin-ruby@^3.2.0":
  "integrity" "sha512-hCE4OVohe79FBAy0s9QLq8PmUc9cD4NbQtm2NHPWbSMq3mwHCRaxA+KYDRhHvG4AQIcf4YeQM8oRuTNyvLA41w=="
  "resolved" "https://registry.npmjs.org/@prettier/plugin-ruby/-/plugin-ruby-3.2.0.tgz"
  "version" "3.2.0"
  dependencies:
    "prettier" ">=2.3.0"

"prettier@^2.7.1", "prettier@>=2.3.0":
  "integrity" "sha512-ujppO+MkdPqoVINuDFDRLClm7D78qbDt0/NR+wp5FqEZOoTNAjPHWj17QRhu7geIHJfcNhRk1XVQmF8Bp3ye+g=="
  "resolved" "https://registry.npmjs.org/prettier/-/prettier-2.7.1.tgz"
  "version" "2.7.1"
